
Microsoft Visual Studio Solution File, Format Version 12.00
Project("{FAE04EC0-301F-11D3-BF4B-00C04F79EFBC}") = "Exam", "Exam\Exam.csproj", "{3CD7CFC1-094D-43FE-BE0C-1920B6469CCC}"
EndProject
Project("{2150E333-8FDC-42A3-9474-1A3956D46DE8}") = "Base.Contracts", "Base.Contracts", "{D0E5AF1B-DE3B-4676-9C77-7726AF16DD9B}"
EndProject
Project("{2150E333-8FDC-42A3-9474-1A3956D46DE8}") = "App", "App", "{75C77A73-2B4F-47A9-B351-75AFB2A7681B}"
EndProject
Project("{2150E333-8FDC-42A3-9474-1A3956D46DE8}") = "Base", "Base", "{6471A901-77B7-45B1-8EE3-E29850A636B9}"
EndProject
Project("{2150E333-8FDC-42A3-9474-1A3956D46DE8}") = "Solution.Items", "Solution.Items", "{BD617E57-D6E1-43AB-A895-B6FB339C43A1}"
	ProjectSection(SolutionItems) = preProject
		.gitignore = .gitignore
		Directory.Build.props = Directory.Build.props
		README.md = README.md
	EndProjectSection
EndProject
Project("{FAE04EC0-301F-11D3-BF4B-00C04F79EFBC}") = "Base.Contracts.Domain", "Base.Contracts.Domain\Base.Contracts.Domain.csproj", "{031891B2-05A2-4C4C-95D4-4FCEA267E4AD}"
EndProject
Project("{FAE04EC0-301F-11D3-BF4B-00C04F79EFBC}") = "Base.Contracts.DAL", "Base.Contracts.DAL\Base.Contracts.DAL.csproj", "{18E03593-1107-4340-B8C5-3130AD6C9074}"
EndProject
Project("{FAE04EC0-301F-11D3-BF4B-00C04F79EFBC}") = "BaseUOW", "BaseUOW\BaseUOW.csproj", "{0D3135BC-4886-43EA-8F20-5D5B8F09A904}"
EndProject
Project("{FAE04EC0-301F-11D3-BF4B-00C04F79EFBC}") = "Base.Extensions", "Base.Extensions\Base.Extensions.csproj", "{D8C081DE-1879-404D-A70C-4FDB7127285A}"
EndProject
Project("{FAE04EC0-301F-11D3-BF4B-00C04F79EFBC}") = "Base.Domain", "Base.Domain\Base.Domain.csproj", "{2EC61B5F-7647-4E02-983D-06CC9419F2BD}"
EndProject
Project("{FAE04EC0-301F-11D3-BF4B-00C04F79EFBC}") = "App.Public.DTO", "App.Public.DTO\App.Public.DTO.csproj", "{E05D5EED-C624-4C31-8473-D53535C7E694}"
EndProject
Project("{FAE04EC0-301F-11D3-BF4B-00C04F79EFBC}") = "App.Domain", "App.Domain\App.Domain.csproj", "{5CBAC35B-FBAA-4E9C-99B7-4D367604DDB6}"
EndProject
Global
	GlobalSection(SolutionConfigurationPlatforms) = preSolution
		Debug|Any CPU = Debug|Any CPU
		Release|Any CPU = Release|Any CPU
	EndGlobalSection
	GlobalSection(ProjectConfigurationPlatforms) = postSolution
		{3CD7CFC1-094D-43FE-BE0C-1920B6469CCC}.Debug|Any CPU.ActiveCfg = Debug|Any CPU
		{3CD7CFC1-094D-43FE-BE0C-1920B6469CCC}.Debug|Any CPU.Build.0 = Debug|Any CPU
		{3CD7CFC1-094D-43FE-BE0C-1920B6469CCC}.Release|Any CPU.ActiveCfg = Release|Any CPU
		{3CD7CFC1-094D-43FE-BE0C-1920B6469CCC}.Release|Any CPU.Build.0 = Release|Any CPU
		{031891B2-05A2-4C4C-95D4-4FCEA267E4AD}.Debug|Any CPU.ActiveCfg = Debug|Any CPU
		{031891B2-05A2-4C4C-95D4-4FCEA267E4AD}.Debug|Any CPU.Build.0 = Debug|Any CPU
		{031891B2-05A2-4C4C-95D4-4FCEA267E4AD}.Release|Any CPU.ActiveCfg = Release|Any CPU
		{031891B2-05A2-4C4C-95D4-4FCEA267E4AD}.Release|Any CPU.Build.0 = Release|Any CPU
		{18E03593-1107-4340-B8C5-3130AD6C9074}.Debug|Any CPU.ActiveCfg = Debug|Any CPU
		{18E03593-1107-4340-B8C5-3130AD6C9074}.Debug|Any CPU.Build.0 = Debug|Any CPU
		{18E03593-1107-4340-B8C5-3130AD6C9074}.Release|Any CPU.ActiveCfg = Release|Any CPU
		{18E03593-1107-4340-B8C5-3130AD6C9074}.Release|Any CPU.Build.0 = Release|Any CPU
		{0D3135BC-4886-43EA-8F20-5D5B8F09A904}.Debug|Any CPU.ActiveCfg = Debug|Any CPU
		{0D3135BC-4886-43EA-8F20-5D5B8F09A904}.Debug|Any CPU.Build.0 = Debug|Any CPU
		{0D3135BC-4886-43EA-8F20-5D5B8F09A904}.Release|Any CPU.ActiveCfg = Release|Any CPU
		{0D3135BC-4886-43EA-8F20-5D5B8F09A904}.Release|Any CPU.Build.0 = Release|Any CPU
		{D8C081DE-1879-404D-A70C-4FDB7127285A}.Debug|Any CPU.ActiveCfg = Debug|Any CPU
		{D8C081DE-1879-404D-A70C-4FDB7127285A}.Debug|Any CPU.Build.0 = Debug|Any CPU
		{D8C081DE-1879-404D-A70C-4FDB7127285A}.Release|Any CPU.ActiveCfg = Release|Any CPU
		{D8C081DE-1879-404D-A70C-4FDB7127285A}.Release|Any CPU.Build.0 = Release|Any CPU
		{2EC61B5F-7647-4E02-983D-06CC9419F2BD}.Debug|Any CPU.ActiveCfg = Debug|Any CPU
		{2EC61B5F-7647-4E02-983D-06CC9419F2BD}.Debug|Any CPU.Build.0 = Debug|Any CPU
		{2EC61B5F-7647-4E02-983D-06CC9419F2BD}.Release|Any CPU.ActiveCfg = Release|Any CPU
		{2EC61B5F-7647-4E02-983D-06CC9419F2BD}.Release|Any CPU.Build.0 = Release|Any CPU
		{E05D5EED-C624-4C31-8473-D53535C7E694}.Debug|Any CPU.ActiveCfg = Debug|Any CPU
		{E05D5EED-C624-4C31-8473-D53535C7E694}.Debug|Any CPU.Build.0 = Debug|Any CPU
		{E05D5EED-C624-4C31-8473-D53535C7E694}.Release|Any CPU.ActiveCfg = Release|Any CPU
		{E05D5EED-C624-4C31-8473-D53535C7E694}.Release|Any CPU.Build.0 = Release|Any CPU
		{5CBAC35B-FBAA-4E9C-99B7-4D367604DDB6}.Debug|Any CPU.ActiveCfg = Debug|Any CPU
		{5CBAC35B-FBAA-4E9C-99B7-4D367604DDB6}.Debug|Any CPU.Build.0 = Debug|Any CPU
		{5CBAC35B-FBAA-4E9C-99B7-4D367604DDB6}.Release|Any CPU.ActiveCfg = Release|Any CPU
		{5CBAC35B-FBAA-4E9C-99B7-4D367604DDB6}.Release|Any CPU.Build.0 = Release|Any CPU
	EndGlobalSection
	GlobalSection(NestedProjects) = preSolution
		{3CD7CFC1-094D-43FE-BE0C-1920B6469CCC} = {75C77A73-2B4F-47A9-B351-75AFB2A7681B}
		{031891B2-05A2-4C4C-95D4-4FCEA267E4AD} = {D0E5AF1B-DE3B-4676-9C77-7726AF16DD9B}
		{18E03593-1107-4340-B8C5-3130AD6C9074} = {D0E5AF1B-DE3B-4676-9C77-7726AF16DD9B}
		{0D3135BC-4886-43EA-8F20-5D5B8F09A904} = {6471A901-77B7-45B1-8EE3-E29850A636B9}
		{D8C081DE-1879-404D-A70C-4FDB7127285A} = {6471A901-77B7-45B1-8EE3-E29850A636B9}
		{2EC61B5F-7647-4E02-983D-06CC9419F2BD} = {6471A901-77B7-45B1-8EE3-E29850A636B9}
		{E05D5EED-C624-4C31-8473-D53535C7E694} = {75C77A73-2B4F-47A9-B351-75AFB2A7681B}
		{5CBAC35B-FBAA-4E9C-99B7-4D367604DDB6} = {75C77A73-2B4F-47A9-B351-75AFB2A7681B}
	EndGlobalSection
EndGlobal
